
Microsoft Visual Studio Solution File, Format Version 12.00
# Visual Studio Version 17
VisualStudioVersion = 17.0.31903.59
MinimumVisualStudioVersion = 10.0.40219.1
Project("{2150E333-8FDC-42A3-9474-1A3956D46DE8}") = "src", "src", "{827E0CD3-B72D-47B6-A68D-7590B98EB39B}"
EndProject
Project("{2150E333-8FDC-42A3-9474-1A3956D46DE8}") = "domain", "domain", "{8B290487-4C16-E85E-E807-F579CBE9FC4D}"
EndProject
Project("{FAE04EC0-301F-11D3-BF4B-00C04F79EFBC}") = "SatellitePortfolio.Domain", "src\domain\SatellitePortfolio.Domain\SatellitePortfolio.Domain.csproj", "{BDFC8F99-3AC2-4B10-BD2F-39DCF7FA5044}"
EndProject
Project("{FAE04EC0-301F-11D3-BF4B-00C04F79EFBC}") = "SatellitePortfolio.Application", "src\application\SatellitePortfolio.Application\SatellitePortfolio.Application.csproj", "{7BC4C932-9DB0-4B41-B184-493393620D7E}"
EndProject
Project("{FAE04EC0-301F-11D3-BF4B-00C04F79EFBC}") = "SatellitePortfolio.Infrastructure", "src\infrastructure\SatellitePortfolio.Infrastructure\SatellitePortfolio.Infrastructure.csproj", "{8ABCA6F8-BBB2-4E20-8B5A-982A2424CD9C}"
EndProject
Project("{FAE04EC0-301F-11D3-BF4B-00C04F79EFBC}") = "SatellitePortfolio.Api", "src\api\SatellitePortfolio.Api\SatellitePortfolio.Api.csproj", "{F6B559ED-3EEF-437C-9A46-C7C79641C8A5}"
EndProject
Project("{FAE04EC0-301F-11D3-BF4B-00C04F79EFBC}") = "SatellitePortfolio.MarketDataWorker", "src\workers\SatellitePortfolio.MarketDataWorker\SatellitePortfolio.MarketDataWorker.csproj", "{69BCD8B3-D570-46E3-A249-CE8314E9BAC2}"
EndProject
Project("{FAE04EC0-301F-11D3-BF4B-00C04F79EFBC}") = "SatellitePortfolio.RiskWorker", "src\workers\SatellitePortfolio.RiskWorker\SatellitePortfolio.RiskWorker.csproj", "{292FD2EE-6945-4C85-AA57-7C32A5A17C50}"
EndProject
Project("{FAE04EC0-301F-11D3-BF4B-00C04F79EFBC}") = "SatellitePortfolio.Domain.Tests", "tests\SatellitePortfolio.Domain.Tests\SatellitePortfolio.Domain.Tests.csproj", "{94298E25-B625-43BD-B269-334701B7787C}"
EndProject
Project("{FAE04EC0-301F-11D3-BF4B-00C04F79EFBC}") = "SatellitePortfolio.Application.Tests", "tests\SatellitePortfolio.Application.Tests\SatellitePortfolio.Application.Tests.csproj", "{C9274DF8-AB1D-4939-B470-F31D4F6BD77A}"
EndProject
Global
	GlobalSection(SolutionConfigurationPlatforms) = preSolution
		Debug|Any CPU = Debug|Any CPU
		Debug|x64 = Debug|x64
		Debug|x86 = Debug|x86
		Release|Any CPU = Release|Any CPU
		Release|x64 = Release|x64
		Release|x86 = Release|x86
	EndGlobalSection
	GlobalSection(ProjectConfigurationPlatforms) = postSolution
		{BDFC8F99-3AC2-4B10-BD2F-39DCF7FA5044}.Debug|Any CPU.ActiveCfg = Debug|Any CPU
		{BDFC8F99-3AC2-4B10-BD2F-39DCF7FA5044}.Debug|Any CPU.Build.0 = Debug|Any CPU
		{BDFC8F99-3AC2-4B10-BD2F-39DCF7FA5044}.Debug|x64.ActiveCfg = Debug|Any CPU
		{BDFC8F99-3AC2-4B10-BD2F-39DCF7FA5044}.Debug|x64.Build.0 = Debug|Any CPU
		{BDFC8F99-3AC2-4B10-BD2F-39DCF7FA5044}.Debug|x86.ActiveCfg = Debug|Any CPU
		{BDFC8F99-3AC2-4B10-BD2F-39DCF7FA5044}.Debug|x86.Build.0 = Debug|Any CPU
		{BDFC8F99-3AC2-4B10-BD2F-39DCF7FA5044}.Release|Any CPU.ActiveCfg = Release|Any CPU
		{BDFC8F99-3AC2-4B10-BD2F-39DCF7FA5044}.Release|Any CPU.Build.0 = Release|Any CPU
		{BDFC8F99-3AC2-4B10-BD2F-39DCF7FA5044}.Release|x64.ActiveCfg = Release|Any CPU
		{BDFC8F99-3AC2-4B10-BD2F-39DCF7FA5044}.Release|x64.Build.0 = Release|Any CPU
		{BDFC8F99-3AC2-4B10-BD2F-39DCF7FA5044}.Release|x86.ActiveCfg = Release|Any CPU
		{BDFC8F99-3AC2-4B10-BD2F-39DCF7FA5044}.Release|x86.Build.0 = Release|Any CPU
		{7BC4C932-9DB0-4B41-B184-493393620D7E}.Debug|Any CPU.ActiveCfg = Debug|Any CPU
		{7BC4C932-9DB0-4B41-B184-493393620D7E}.Debug|Any CPU.Build.0 = Debug|Any CPU
		{7BC4C932-9DB0-4B41-B184-493393620D7E}.Debug|x64.ActiveCfg = Debug|Any CPU
		{7BC4C932-9DB0-4B41-B184-493393620D7E}.Debug|x64.Build.0 = Debug|Any CPU
		{7BC4C932-9DB0-4B41-B184-493393620D7E}.Debug|x86.ActiveCfg = Debug|Any CPU
		{7BC4C932-9DB0-4B41-B184-493393620D7E}.Debug|x86.Build.0 = Debug|Any CPU
		{7BC4C932-9DB0-4B41-B184-493393620D7E}.Release|Any CPU.ActiveCfg = Release|Any CPU
		{7BC4C932-9DB0-4B41-B184-493393620D7E}.Release|Any CPU.Build.0 = Release|Any CPU
		{7BC4C932-9DB0-4B41-B184-493393620D7E}.Release|x64.ActiveCfg = Release|Any CPU
		{7BC4C932-9DB0-4B41-B184-493393620D7E}.Release|x64.Build.0 = Release|Any CPU
		{7BC4C932-9DB0-4B41-B184-493393620D7E}.Release|x86.ActiveCfg = Release|Any CPU
		{7BC4C932-9DB0-4B41-B184-493393620D7E}.Release|x86.Build.0 = Release|Any CPU
		{8ABCA6F8-BBB2-4E20-8B5A-982A2424CD9C}.Debug|Any CPU.ActiveCfg = Debug|Any CPU
		{8ABCA6F8-BBB2-4E20-8B5A-982A2424CD9C}.Debug|Any CPU.Build.0 = Debug|Any CPU
		{8ABCA6F8-BBB2-4E20-8B5A-982A2424CD9C}.Debug|x64.ActiveCfg = Debug|Any CPU
		{8ABCA6F8-BBB2-4E20-8B5A-982A2424CD9C}.Debug|x64.Build.0 = Debug|Any CPU
		{8ABCA6F8-BBB2-4E20-8B5A-982A2424CD9C}.Debug|x86.ActiveCfg = Debug|Any CPU
		{8ABCA6F8-BBB2-4E20-8B5A-982A2424CD9C}.Debug|x86.Build.0 = Debug|Any CPU
		{8ABCA6F8-BBB2-4E20-8B5A-982A2424CD9C}.Release|Any CPU.ActiveCfg = Release|Any CPU
		{8ABCA6F8-BBB2-4E20-8B5A-982A2424CD9C}.Release|Any CPU.Build.0 = Release|Any CPU
		{8ABCA6F8-BBB2-4E20-8B5A-982A2424CD9C}.Release|x64.ActiveCfg = Release|Any CPU
		{8ABCA6F8-BBB2-4E20-8B5A-982A2424CD9C}.Release|x64.Build.0 = Release|Any CPU
		{8ABCA6F8-BBB2-4E20-8B5A-982A2424CD9C}.Release|x86.ActiveCfg = Release|Any CPU
		{8ABCA6F8-BBB2-4E20-8B5A-982A2424CD9C}.Release|x86.Build.0 = Release|Any CPU
		{F6B559ED-3EEF-437C-9A46-C7C79641C8A5}.Debug|Any CPU.ActiveCfg = Debug|Any CPU
		{F6B559ED-3EEF-437C-9A46-C7C79641C8A5}.Debug|Any CPU.Build.0 = Debug|Any CPU
		{F6B559ED-3EEF-437C-9A46-C7C79641C8A5}.Debug|x64.ActiveCfg = Debug|Any CPU
		{F6B559ED-3EEF-437C-9A46-C7C79641C8A5}.Debug|x64.Build.0 = Debug|Any CPU
		{F6B559ED-3EEF-437C-9A46-C7C79641C8A5}.Debug|x86.ActiveCfg = Debug|Any CPU
		{F6B559ED-3EEF-437C-9A46-C7C79641C8A5}.Debug|x86.Build.0 = Debug|Any CPU
		{F6B559ED-3EEF-437C-9A46-C7C79641C8A5}.Release|Any CPU.ActiveCfg = Release|Any CPU
		{F6B559ED-3EEF-437C-9A46-C7C79641C8A5}.Release|Any CPU.Build.0 = Release|Any CPU
		{F6B559ED-3EEF-437C-9A46-C7C79641C8A5}.Release|x64.ActiveCfg = Release|Any CPU
		{F6B559ED-3EEF-437C-9A46-C7C79641C8A5}.Release|x64.Build.0 = Release|Any CPU
		{F6B559ED-3EEF-437C-9A46-C7C79641C8A5}.Release|x86.ActiveCfg = Release|Any CPU
		{F6B559ED-3EEF-437C-9A46-C7C79641C8A5}.Release|x86.Build.0 = Release|Any CPU
		{69BCD8B3-D570-46E3-A249-CE8314E9BAC2}.Debug|Any CPU.ActiveCfg = Debug|Any CPU
		{69BCD8B3-D570-46E3-A249-CE8314E9BAC2}.Debug|Any CPU.Build.0 = Debug|Any CPU
		{69BCD8B3-D570-46E3-A249-CE8314E9BAC2}.Debug|x64.ActiveCfg = Debug|Any CPU
		{69BCD8B3-D570-46E3-A249-CE8314E9BAC2}.Debug|x64.Build.0 = Debug|Any CPU
		{69BCD8B3-D570-46E3-A249-CE8314E9BAC2}.Debug|x86.ActiveCfg = Debug|Any CPU
		{69BCD8B3-D570-46E3-A249-CE8314E9BAC2}.Debug|x86.Build.0 = Debug|Any CPU
		{69BCD8B3-D570-46E3-A249-CE8314E9BAC2}.Release|Any CPU.ActiveCfg = Release|Any CPU
		{69BCD8B3-D570-46E3-A249-CE8314E9BAC2}.Release|Any CPU.Build.0 = Release|Any CPU
		{69BCD8B3-D570-46E3-A249-CE8314E9BAC2}.Release|x64.ActiveCfg = Release|Any CPU
		{69BCD8B3-D570-46E3-A249-CE8314E9BAC2}.Release|x64.Build.0 = Release|Any CPU
		{69BCD8B3-D570-46E3-A249-CE8314E9BAC2}.Release|x86.ActiveCfg = Release|Any CPU
		{69BCD8B3-D570-46E3-A249-CE8314E9BAC2}.Release|x86.Build.0 = Release|Any CPU
		{292FD2EE-6945-4C85-AA57-7C32A5A17C50}.Debug|Any CPU.ActiveCfg = Debug|Any CPU
		{292FD2EE-6945-4C85-AA57-7C32A5A17C50}.Debug|Any CPU.Build.0 = Debug|Any CPU
		{292FD2EE-6945-4C85-AA57-7C32A5A17C50}.Debug|x64.ActiveCfg = Debug|Any CPU
		{292FD2EE-6945-4C85-AA57-7C32A5A17C50}.Debug|x64.Build.0 = Debug|Any CPU
		{292FD2EE-6945-4C85-AA57-7C32A5A17C50}.Debug|x86.ActiveCfg = Debug|Any CPU
		{292FD2EE-6945-4C85-AA57-7C32A5A17C50}.Debug|x86.Build.0 = Debug|Any CPU
		{292FD2EE-6945-4C85-AA57-7C32A5A17C50}.Release|Any CPU.ActiveCfg = Release|Any CPU
		{292FD2EE-6945-4C85-AA57-7C32A5A17C50}.Release|Any CPU.Build.0 = Release|Any CPU
		{292FD2EE-6945-4C85-AA57-7C32A5A17C50}.Release|x64.ActiveCfg = Release|Any CPU
		{292FD2EE-6945-4C85-AA57-7C32A5A17C50}.Release|x64.Build.0 = Release|Any CPU
		{292FD2EE-6945-4C85-AA57-7C32A5A17C50}.Release|x86.ActiveCfg = Release|Any CPU
		{292FD2EE-6945-4C85-AA57-7C32A5A17C50}.Release|x86.Build.0 = Release|Any CPU
		{94298E25-B625-43BD-B269-334701B7787C}.Debug|Any CPU.ActiveCfg = Debug|Any CPU
		{94298E25-B625-43BD-B269-334701B7787C}.Debug|Any CPU.Build.0 = Debug|Any CPU
		{94298E25-B625-43BD-B269-334701B7787C}.Debug|x64.ActiveCfg = Debug|Any CPU
		{94298E25-B625-43BD-B269-334701B7787C}.Debug|x64.Build.0 = Debug|Any CPU
		{94298E25-B625-43BD-B269-334701B7787C}.Debug|x86.ActiveCfg = Debug|Any CPU
		{94298E25-B625-43BD-B269-334701B7787C}.Debug|x86.Build.0 = Debug|Any CPU
		{94298E25-B625-43BD-B269-334701B7787C}.Release|Any CPU.ActiveCfg = Release|Any CPU
		{94298E25-B625-43BD-B269-334701B7787C}.Release|Any CPU.Build.0 = Release|Any CPU
		{94298E25-B625-43BD-B269-334701B7787C}.Release|x64.ActiveCfg = Release|Any CPU
		{94298E25-B625-43BD-B269-334701B7787C}.Release|x64.Build.0 = Release|Any CPU
		{94298E25-B625-43BD-B269-334701B7787C}.Release|x86.ActiveCfg = Release|Any CPU
		{94298E25-B625-43BD-B269-334701B7787C}.Release|x86.Build.0 = Release|Any CPU
		{C9274DF8-AB1D-4939-B470-F31D4F6BD77A}.Debug|Any CPU.ActiveCfg = Debug|Any CPU
		{C9274DF8-AB1D-4939-B470-F31D4F6BD77A}.Debug|Any CPU.Build.0 = Debug|Any CPU
		{C9274DF8-AB1D-4939-B470-F31D4F6BD77A}.Debug|x64.ActiveCfg = Debug|Any CPU
		{C9274DF8-AB1D-4939-B470-F31D4F6BD77A}.Debug|x64.Build.0 = Debug|Any CPU
		{C9274DF8-AB1D-4939-B470-F31D4F6BD77A}.Debug|x86.ActiveCfg = Debug|Any CPU
		{C9274DF8-AB1D-4939-B470-F31D4F6BD77A}.Debug|x86.Build.0 = Debug|Any CPU
		{C9274DF8-AB1D-4939-B470-F31D4F6BD77A}.Release|Any CPU.ActiveCfg = Release|Any CPU
		{C9274DF8-AB1D-4939-B470-F31D4F6BD77A}.Release|Any CPU.Build.0 = Release|Any CPU
		{C9274DF8-AB1D-4939-B470-F31D4F6BD77A}.Release|x64.ActiveCfg = Release|Any CPU
		{C9274DF8-AB1D-4939-B470-F31D4F6BD77A}.Release|x64.Build.0 = Release|Any CPU
		{C9274DF8-AB1D-4939-B470-F31D4F6BD77A}.Release|x86.ActiveCfg = Release|Any CPU
		{C9274DF8-AB1D-4939-B470-F31D4F6BD77A}.Release|x86.Build.0 = Release|Any CPU
	EndGlobalSection
	GlobalSection(SolutionProperties) = preSolution
		HideSolutionNode = FALSE
	EndGlobalSection
	GlobalSection(NestedProjects) = preSolution
		{8B290487-4C16-E85E-E807-F579CBE9FC4D} = {827E0CD3-B72D-47B6-A68D-7590B98EB39B}
		{BDFC8F99-3AC2-4B10-BD2F-39DCF7FA5044} = {8B290487-4C16-E85E-E807-F579CBE9FC4D}
		{7BC4C932-9DB0-4B41-B184-493393620D7E} = {8B290487-4C16-E85E-E807-F579CBE9FC4D}
		{8ABCA6F8-BBB2-4E20-8B5A-982A2424CD9C} = {8B290487-4C16-E85E-E807-F579CBE9FC4D}
		{F6B559ED-3EEF-437C-9A46-C7C79641C8A5} = {8B290487-4C16-E85E-E807-F579CBE9FC4D}
		{69BCD8B3-D570-46E3-A249-CE8314E9BAC2} = {8B290487-4C16-E85E-E807-F579CBE9FC4D}
		{292FD2EE-6945-4C85-AA57-7C32A5A17C50} = {8B290487-4C16-E85E-E807-F579CBE9FC4D}
		{94298E25-B625-43BD-B269-334701B7787C} = {8B290487-4C16-E85E-E807-F579CBE9FC4D}
		{C9274DF8-AB1D-4939-B470-F31D4F6BD77A} = {8B290487-4C16-E85E-E807-F579CBE9FC4D}
	EndGlobalSection
EndGlobal
